// !$*UTF8*$!
{
	archiveVersion = 1;
	classes = {
	};
	objectVersion = 50;
	objects = {

/* Begin PBXBuildFile section */
		1AE6C63C3145C4BB5F4D9DDD /* Pods_macos_acknowledge_generate_practice.framework in Frameworks */ = {isa = PBXBuildFile; fileRef = F6DABAF2972062EC053D375F /* Pods_macos_acknowledge_generate_practice.framework */; };
		580EB2DBC3F912740336A5D0 /* Pods_macos_acknowledge_generate_practice_macos_acknowledge_generate_practiceUITests.framework in Frameworks */ = {isa = PBXBuildFile; fileRef = 3FD2876E6E136850FCD39506 /* Pods_macos_acknowledge_generate_practice_macos_acknowledge_generate_practiceUITests.framework */; };
		9B0158212607833B006DE88D /* LicensePlist.plist in Resources */ = {isa = PBXBuildFile; fileRef = 9B01581D2607833B006DE88D /* LicensePlist.plist */; };
		9B0158222607833B006DE88D /* com.soudegesu.macos-acknowledge-generate-practice.plist in Resources */ = {isa = PBXBuildFile; fileRef = 9B01581E2607833B006DE88D /* com.soudegesu.macos-acknowledge-generate-practice.plist */; };
		9B0158232607833B006DE88D /* com.soudegesu.macos-acknowledge-generate-practice.latest_result.txt in Resources */ = {isa = PBXBuildFile; fileRef = 9B01581F2607833B006DE88D /* com.soudegesu.macos-acknowledge-generate-practice.latest_result.txt */; };
		9B0158242607833B006DE88D /* acknowledge.html in Resources */ = {isa = PBXBuildFile; fileRef = 9B0158202607833B006DE88D /* acknowledge.html */; };
		9BD6DF5A2607328B0040225D /* AppDelegate.swift in Sources */ = {isa = PBXBuildFile; fileRef = 9BD6DF592607328B0040225D /* AppDelegate.swift */; };
		9BD6DF5C2607328B0040225D /* ContentView.swift in Sources */ = {isa = PBXBuildFile; fileRef = 9BD6DF5B2607328B0040225D /* ContentView.swift */; };
		9BD6DF5E2607328C0040225D /* Assets.xcassets in Resources */ = {isa = PBXBuildFile; fileRef = 9BD6DF5D2607328C0040225D /* Assets.xcassets */; };
		9BD6DF612607328C0040225D /* Preview Assets.xcassets in Resources */ = {isa = PBXBuildFile; fileRef = 9BD6DF602607328C0040225D /* Preview Assets.xcassets */; };
		9BD6DF642607328C0040225D /* Main.storyboard in Resources */ = {isa = PBXBuildFile; fileRef = 9BD6DF622607328C0040225D /* Main.storyboard */; };
		9BD6DF702607328C0040225D /* macos_acknowledge_generate_practiceTests.swift in Sources */ = {isa = PBXBuildFile; fileRef = 9BD6DF6F2607328C0040225D /* macos_acknowledge_generate_practiceTests.swift */; };
		9BD6DF7B2607328C0040225D /* macos_acknowledge_generate_practiceUITests.swift in Sources */ = {isa = PBXBuildFile; fileRef = 9BD6DF7A2607328C0040225D /* macos_acknowledge_generate_practiceUITests.swift */; };
		9BECECF72613FBA500989C26 /* AppMenu.swift in Sources */ = {isa = PBXBuildFile; fileRef = 9BECECF62613FBA500989C26 /* AppMenu.swift */; };
		9BECECFC2613FCA700989C26 /* AppToolbar.swift in Sources */ = {isa = PBXBuildFile; fileRef = 9BECECFB2613FCA700989C26 /* AppToolbar.swift */; };
		E641467F4BEADC4B7A40A5C5 /* Pods_macos_acknowledge_generate_practiceTests.framework in Frameworks */ = {isa = PBXBuildFile; fileRef = 504D7F8CA099EBC72B362F54 /* Pods_macos_acknowledge_generate_practiceTests.framework */; };
/* End PBXBuildFile section */

/* Begin PBXContainerItemProxy section */
		9BD6DF6C2607328C0040225D /* PBXContainerItemProxy */ = {
			isa = PBXContainerItemProxy;
			containerPortal = 9BD6DF4E2607328B0040225D /* Project object */;
			proxyType = 1;
			remoteGlobalIDString = 9BD6DF552607328B0040225D;
			remoteInfo = "macos-acknowledge-generate-practice";
		};
		9BD6DF772607328C0040225D /* PBXContainerItemProxy */ = {
			isa = PBXContainerItemProxy;
			containerPortal = 9BD6DF4E2607328B0040225D /* Project object */;
			proxyType = 1;
			remoteGlobalIDString = 9BD6DF552607328B0040225D;
			remoteInfo = "macos-acknowledge-generate-practice";
		};
/* End PBXContainerItemProxy section */

/* Begin PBXFileReference section */
		2DC43AF078E7F5D231947AE5 /* Pods-macos-acknowledge-generate-practiceTests.release.xcconfig */ = {isa = PBXFileReference; includeInIndex = 1; lastKnownFileType = text.xcconfig; name = "Pods-macos-acknowledge-generate-practiceTests.release.xcconfig"; path = "Target Support Files/Pods-macos-acknowledge-generate-practiceTests/Pods-macos-acknowledge-generate-practiceTests.release.xcconfig"; sourceTree = "<group>"; };
		3FD2876E6E136850FCD39506 /* Pods_macos_acknowledge_generate_practice_macos_acknowledge_generate_practiceUITests.framework */ = {isa = PBXFileReference; explicitFileType = wrapper.framework; includeInIndex = 0; path = Pods_macos_acknowledge_generate_practice_macos_acknowledge_generate_practiceUITests.framework; sourceTree = BUILT_PRODUCTS_DIR; };
		504D7F8CA099EBC72B362F54 /* Pods_macos_acknowledge_generate_practiceTests.framework */ = {isa = PBXFileReference; explicitFileType = wrapper.framework; includeInIndex = 0; path = Pods_macos_acknowledge_generate_practiceTests.framework; sourceTree = BUILT_PRODUCTS_DIR; };
		5386A71051E6432BAF8812B0 /* Pods-macos-acknowledge-generate-practiceTests.debug.xcconfig */ = {isa = PBXFileReference; includeInIndex = 1; lastKnownFileType = text.xcconfig; name = "Pods-macos-acknowledge-generate-practiceTests.debug.xcconfig"; path = "Target Support Files/Pods-macos-acknowledge-generate-practiceTests/Pods-macos-acknowledge-generate-practiceTests.debug.xcconfig"; sourceTree = "<group>"; };
		771EA75C8B15B9F578F8153D /* Pods-macos-acknowledge-generate-practice.release.xcconfig */ = {isa = PBXFileReference; includeInIndex = 1; lastKnownFileType = text.xcconfig; name = "Pods-macos-acknowledge-generate-practice.release.xcconfig"; path = "Target Support Files/Pods-macos-acknowledge-generate-practice/Pods-macos-acknowledge-generate-practice.release.xcconfig"; sourceTree = "<group>"; };
		796ABCB08A8584E83A379CA0 /* Pods-macos-acknowledge-generate-practice-macos-acknowledge-generate-practiceUITests.release.xcconfig */ = {isa = PBXFileReference; includeInIndex = 1; lastKnownFileType = text.xcconfig; name = "Pods-macos-acknowledge-generate-practice-macos-acknowledge-generate-practiceUITests.release.xcconfig"; path = "Target Support Files/Pods-macos-acknowledge-generate-practice-macos-acknowledge-generate-practiceUITests/Pods-macos-acknowledge-generate-practice-macos-acknowledge-generate-practiceUITests.release.xcconfig"; sourceTree = "<group>"; };
		80C690D905741B2A5BE6CEB2 /* Pods-macos-acknowledge-generate-practice.debug.xcconfig */ = {isa = PBXFileReference; includeInIndex = 1; lastKnownFileType = text.xcconfig; name = "Pods-macos-acknowledge-generate-practice.debug.xcconfig"; path = "Target Support Files/Pods-macos-acknowledge-generate-practice/Pods-macos-acknowledge-generate-practice.debug.xcconfig"; sourceTree = "<group>"; };
		9B01581D2607833B006DE88D /* LicensePlist.plist */ = {isa = PBXFileReference; fileEncoding = 4; lastKnownFileType = text.plist.xml; path = LicensePlist.plist; sourceTree = "<group>"; };
		9B01581E2607833B006DE88D /* com.soudegesu.macos-acknowledge-generate-practice.plist */ = {isa = PBXFileReference; fileEncoding = 4; lastKnownFileType = text.plist.xml; path = "com.soudegesu.macos-acknowledge-generate-practice.plist"; sourceTree = "<group>"; };
		9B01581F2607833B006DE88D /* com.soudegesu.macos-acknowledge-generate-practice.latest_result.txt */ = {isa = PBXFileReference; fileEncoding = 4; lastKnownFileType = text; path = "com.soudegesu.macos-acknowledge-generate-practice.latest_result.txt"; sourceTree = "<group>"; };
		9B0158202607833B006DE88D /* acknowledge.html */ = {isa = PBXFileReference; fileEncoding = 4; lastKnownFileType = text.html; path = acknowledge.html; sourceTree = "<group>"; };
		9BD6DF562607328B0040225D /* macos-acknowledge-generate-practice.app */ = {isa = PBXFileReference; explicitFileType = wrapper.application; includeInIndex = 0; path = "macos-acknowledge-generate-practice.app"; sourceTree = BUILT_PRODUCTS_DIR; };
		9BD6DF592607328B0040225D /* AppDelegate.swift */ = {isa = PBXFileReference; lastKnownFileType = sourcecode.swift; path = AppDelegate.swift; sourceTree = "<group>"; };
		9BD6DF5B2607328B0040225D /* ContentView.swift */ = {isa = PBXFileReference; lastKnownFileType = sourcecode.swift; path = ContentView.swift; sourceTree = "<group>"; };
		9BD6DF5D2607328C0040225D /* Assets.xcassets */ = {isa = PBXFileReference; lastKnownFileType = folder.assetcatalog; path = Assets.xcassets; sourceTree = "<group>"; };
		9BD6DF602607328C0040225D /* Preview Assets.xcassets */ = {isa = PBXFileReference; lastKnownFileType = folder.assetcatalog; path = "Preview Assets.xcassets"; sourceTree = "<group>"; };
		9BD6DF632607328C0040225D /* Base */ = {isa = PBXFileReference; lastKnownFileType = file.storyboard; name = Base; path = Base.lproj/Main.storyboard; sourceTree = "<group>"; };
		9BD6DF652607328C0040225D /* Info.plist */ = {isa = PBXFileReference; lastKnownFileType = text.plist.xml; path = Info.plist; sourceTree = "<group>"; };
		9BD6DF662607328C0040225D /* macos_acknowledge_generate_practice.entitlements */ = {isa = PBXFileReference; lastKnownFileType = text.plist.entitlements; path = macos_acknowledge_generate_practice.entitlements; sourceTree = "<group>"; };
		9BD6DF6B2607328C0040225D /* macos-acknowledge-generate-practiceTests.xctest */ = {isa = PBXFileReference; explicitFileType = wrapper.cfbundle; includeInIndex = 0; path = "macos-acknowledge-generate-practiceTests.xctest"; sourceTree = BUILT_PRODUCTS_DIR; };
		9BD6DF6F2607328C0040225D /* macos_acknowledge_generate_practiceTests.swift */ = {isa = PBXFileReference; lastKnownFileType = sourcecode.swift; path = macos_acknowledge_generate_practiceTests.swift; sourceTree = "<group>"; };
		9BD6DF712607328C0040225D /* Info.plist */ = {isa = PBXFileReference; lastKnownFileType = text.plist.xml; path = Info.plist; sourceTree = "<group>"; };
		9BD6DF762607328C0040225D /* macos-acknowledge-generate-practiceUITests.xctest */ = {isa = PBXFileReference; explicitFileType = wrapper.cfbundle; includeInIndex = 0; path = "macos-acknowledge-generate-practiceUITests.xctest"; sourceTree = BUILT_PRODUCTS_DIR; };
		9BD6DF7A2607328C0040225D /* macos_acknowledge_generate_practiceUITests.swift */ = {isa = PBXFileReference; lastKnownFileType = sourcecode.swift; path = macos_acknowledge_generate_practiceUITests.swift; sourceTree = "<group>"; };
		9BD6DF7C2607328C0040225D /* Info.plist */ = {isa = PBXFileReference; lastKnownFileType = text.plist.xml; path = Info.plist; sourceTree = "<group>"; };
		9BECECF62613FBA500989C26 /* AppMenu.swift */ = {isa = PBXFileReference; lastKnownFileType = sourcecode.swift; path = AppMenu.swift; sourceTree = "<group>"; };
		9BECECFB2613FCA700989C26 /* AppToolbar.swift */ = {isa = PBXFileReference; lastKnownFileType = sourcecode.swift; path = AppToolbar.swift; sourceTree = "<group>"; };
		B0C65A8DFD930A846730FA42 /* Pods-macos-acknowledge-generate-practice-macos-acknowledge-generate-practiceUITests.debug.xcconfig */ = {isa = PBXFileReference; includeInIndex = 1; lastKnownFileType = text.xcconfig; name = "Pods-macos-acknowledge-generate-practice-macos-acknowledge-generate-practiceUITests.debug.xcconfig"; path = "Target Support Files/Pods-macos-acknowledge-generate-practice-macos-acknowledge-generate-practiceUITests/Pods-macos-acknowledge-generate-practice-macos-acknowledge-generate-practiceUITests.debug.xcconfig"; sourceTree = "<group>"; };
		F6DABAF2972062EC053D375F /* Pods_macos_acknowledge_generate_practice.framework */ = {isa = PBXFileReference; explicitFileType = wrapper.framework; includeInIndex = 0; path = Pods_macos_acknowledge_generate_practice.framework; sourceTree = BUILT_PRODUCTS_DIR; };
/* End PBXFileReference section */

/* Begin PBXFrameworksBuildPhase section */
		9BD6DF532607328B0040225D /* Frameworks */ = {
			isa = PBXFrameworksBuildPhase;
			buildActionMask = 2147483647;
			files = (
				1AE6C63C3145C4BB5F4D9DDD /* Pods_macos_acknowledge_generate_practice.framework in Frameworks */,
			);
			runOnlyForDeploymentPostprocessing = 0;
		};
		9BD6DF682607328C0040225D /* Frameworks */ = {
			isa = PBXFrameworksBuildPhase;
			buildActionMask = 2147483647;
			files = (
				E641467F4BEADC4B7A40A5C5 /* Pods_macos_acknowledge_generate_practiceTests.framework in Frameworks */,
			);
			runOnlyForDeploymentPostprocessing = 0;
		};
		9BD6DF732607328C0040225D /* Frameworks */ = {
			isa = PBXFrameworksBuildPhase;
			buildActionMask = 2147483647;
			files = (
				580EB2DBC3F912740336A5D0 /* Pods_macos_acknowledge_generate_practice_macos_acknowledge_generate_practiceUITests.framework in Frameworks */,
			);
			runOnlyForDeploymentPostprocessing = 0;
		};
/* End PBXFrameworksBuildPhase section */

/* Begin PBXGroup section */
		9B01581A2607833B006DE88D /* Resources */ = {
			isa = PBXGroup;
			children = (
				9B01581B2607833B006DE88D /* Acknowledge */,
			);
			path = Resources;
			sourceTree = "<group>";
		};
		9B01581B2607833B006DE88D /* Acknowledge */ = {
			isa = PBXGroup;
			children = (
				9B01581C2607833B006DE88D /* com.soudegesu.macos-acknowledge-generate-practice */,
				9B01581F2607833B006DE88D /* com.soudegesu.macos-acknowledge-generate-practice.latest_result.txt */,
				9B01581E2607833B006DE88D /* com.soudegesu.macos-acknowledge-generate-practice.plist */,
				9B0158202607833B006DE88D /* acknowledge.html */,
			);
			path = Acknowledge;
			sourceTree = "<group>";
		};
		9B01581C2607833B006DE88D /* com.soudegesu.macos-acknowledge-generate-practice */ = {
			isa = PBXGroup;
			children = (
				9B01581D2607833B006DE88D /* LicensePlist.plist */,
			);
			path = "com.soudegesu.macos-acknowledge-generate-practice";
			sourceTree = "<group>";
		};
		9BD6DF4D2607328B0040225D = {
			isa = PBXGroup;
			children = (
				9BD6DF582607328B0040225D /* macos-acknowledge-generate-practice */,
				9BD6DF6E2607328C0040225D /* macos-acknowledge-generate-practiceTests */,
				9BD6DF792607328C0040225D /* macos-acknowledge-generate-practiceUITests */,
				9BD6DF572607328B0040225D /* Products */,
				D826FDEE70C23A00770C10CF /* Pods */,
				EF3B25E8F9B22510851CFDC8 /* Frameworks */,
			);
			sourceTree = "<group>";
		};
		9BD6DF572607328B0040225D /* Products */ = {
			isa = PBXGroup;
			children = (
				9BD6DF562607328B0040225D /* macos-acknowledge-generate-practice.app */,
				9BD6DF6B2607328C0040225D /* macos-acknowledge-generate-practiceTests.xctest */,
				9BD6DF762607328C0040225D /* macos-acknowledge-generate-practiceUITests.xctest */,
			);
			name = Products;
			sourceTree = "<group>";
		};
		9BD6DF582607328B0040225D /* macos-acknowledge-generate-practice */ = {
			isa = PBXGroup;
			children = (
				9B01581A2607833B006DE88D /* Resources */,
				9BD6DF592607328B0040225D /* AppDelegate.swift */,
				9BD6DF5B2607328B0040225D /* ContentView.swift */,
				9BECECFB2613FCA700989C26 /* AppToolbar.swift */,
				9BECECF62613FBA500989C26 /* AppMenu.swift */,
				9BD6DF5D2607328C0040225D /* Assets.xcassets */,
				9BD6DF622607328C0040225D /* Main.storyboard */,
				9BD6DF652607328C0040225D /* Info.plist */,
				9BD6DF662607328C0040225D /* macos_acknowledge_generate_practice.entitlements */,
				9BD6DF5F2607328C0040225D /* Preview Content */,
			);
			path = "macos-acknowledge-generate-practice";
			sourceTree = "<group>";
		};
		9BD6DF5F2607328C0040225D /* Preview Content */ = {
			isa = PBXGroup;
			children = (
				9BD6DF602607328C0040225D /* Preview Assets.xcassets */,
			);
			path = "Preview Content";
			sourceTree = "<group>";
		};
		9BD6DF6E2607328C0040225D /* macos-acknowledge-generate-practiceTests */ = {
			isa = PBXGroup;
			children = (
				9BD6DF6F2607328C0040225D /* macos_acknowledge_generate_practiceTests.swift */,
				9BD6DF712607328C0040225D /* Info.plist */,
			);
			path = "macos-acknowledge-generate-practiceTests";
			sourceTree = "<group>";
		};
		9BD6DF792607328C0040225D /* macos-acknowledge-generate-practiceUITests */ = {
			isa = PBXGroup;
			children = (
				9BD6DF7A2607328C0040225D /* macos_acknowledge_generate_practiceUITests.swift */,
				9BD6DF7C2607328C0040225D /* Info.plist */,
			);
			path = "macos-acknowledge-generate-practiceUITests";
			sourceTree = "<group>";
		};
		D826FDEE70C23A00770C10CF /* Pods */ = {
			isa = PBXGroup;
			children = (
				80C690D905741B2A5BE6CEB2 /* Pods-macos-acknowledge-generate-practice.debug.xcconfig */,
				771EA75C8B15B9F578F8153D /* Pods-macos-acknowledge-generate-practice.release.xcconfig */,
				B0C65A8DFD930A846730FA42 /* Pods-macos-acknowledge-generate-practice-macos-acknowledge-generate-practiceUITests.debug.xcconfig */,
				796ABCB08A8584E83A379CA0 /* Pods-macos-acknowledge-generate-practice-macos-acknowledge-generate-practiceUITests.release.xcconfig */,
				5386A71051E6432BAF8812B0 /* Pods-macos-acknowledge-generate-practiceTests.debug.xcconfig */,
				2DC43AF078E7F5D231947AE5 /* Pods-macos-acknowledge-generate-practiceTests.release.xcconfig */,
			);
			path = Pods;
			sourceTree = "<group>";
		};
		EF3B25E8F9B22510851CFDC8 /* Frameworks */ = {
			isa = PBXGroup;
			children = (
				F6DABAF2972062EC053D375F /* Pods_macos_acknowledge_generate_practice.framework */,
				3FD2876E6E136850FCD39506 /* Pods_macos_acknowledge_generate_practice_macos_acknowledge_generate_practiceUITests.framework */,
				504D7F8CA099EBC72B362F54 /* Pods_macos_acknowledge_generate_practiceTests.framework */,
			);
			name = Frameworks;
			sourceTree = "<group>";
		};
/* End PBXGroup section */

/* Begin PBXNativeTarget section */
		9BD6DF552607328B0040225D /* macos-acknowledge-generate-practice */ = {
			isa = PBXNativeTarget;
			buildConfigurationList = 9BD6DF7F2607328C0040225D /* Build configuration list for PBXNativeTarget "macos-acknowledge-generate-practice" */;
			buildPhases = (
				D56DDA7C2A7E4CB217BA8FC5 /* [CP] Check Pods Manifest.lock */,
				9BD6DF522607328B0040225D /* Sources */,
				9BD6DF532607328B0040225D /* Frameworks */,
				9BD6DF542607328B0040225D /* Resources */,
				9B92176426075CE000C7AB1C /* Generate License */,
			);
			buildRules = (
			);
			dependencies = (
			);
			name = "macos-acknowledge-generate-practice";
			productName = "macos-acknowledge-generate-practice";
			productReference = 9BD6DF562607328B0040225D /* macos-acknowledge-generate-practice.app */;
			productType = "com.apple.product-type.application";
		};
		9BD6DF6A2607328C0040225D /* macos-acknowledge-generate-practiceTests */ = {
			isa = PBXNativeTarget;
			buildConfigurationList = 9BD6DF822607328C0040225D /* Build configuration list for PBXNativeTarget "macos-acknowledge-generate-practiceTests" */;
			buildPhases = (
				BB216BFA507FB2C10E61AE5D /* [CP] Check Pods Manifest.lock */,
				9BD6DF672607328C0040225D /* Sources */,
				9BD6DF682607328C0040225D /* Frameworks */,
				9BD6DF692607328C0040225D /* Resources */,
			);
			buildRules = (
			);
			dependencies = (
				9BD6DF6D2607328C0040225D /* PBXTargetDependency */,
			);
			name = "macos-acknowledge-generate-practiceTests";
			productName = "macos-acknowledge-generate-practiceTests";
			productReference = 9BD6DF6B2607328C0040225D /* macos-acknowledge-generate-practiceTests.xctest */;
			productType = "com.apple.product-type.bundle.unit-test";
		};
		9BD6DF752607328C0040225D /* macos-acknowledge-generate-practiceUITests */ = {
			isa = PBXNativeTarget;
			buildConfigurationList = 9BD6DF852607328C0040225D /* Build configuration list for PBXNativeTarget "macos-acknowledge-generate-practiceUITests" */;
			buildPhases = (
				2D7BF043F44F1640CE204E24 /* [CP] Check Pods Manifest.lock */,
				9BD6DF722607328C0040225D /* Sources */,
				9BD6DF732607328C0040225D /* Frameworks */,
				9BD6DF742607328C0040225D /* Resources */,
			);
			buildRules = (
			);
			dependencies = (
				9BD6DF782607328C0040225D /* PBXTargetDependency */,
			);
			name = "macos-acknowledge-generate-practiceUITests";
			productName = "macos-acknowledge-generate-practiceUITests";
			productReference = 9BD6DF762607328C0040225D /* macos-acknowledge-generate-practiceUITests.xctest */;
			productType = "com.apple.product-type.bundle.ui-testing";
		};
/* End PBXNativeTarget section */

/* Begin PBXProject section */
		9BD6DF4E2607328B0040225D /* Project object */ = {
			isa = PBXProject;
			attributes = {
				LastSwiftUpdateCheck = 1200;
				LastUpgradeCheck = 1240;
				TargetAttributes = {
					9BD6DF552607328B0040225D = {
						CreatedOnToolsVersion = 12.0.1;
					};
					9BD6DF6A2607328C0040225D = {
						CreatedOnToolsVersion = 12.0.1;
						TestTargetID = 9BD6DF552607328B0040225D;
					};
					9BD6DF752607328C0040225D = {
						CreatedOnToolsVersion = 12.0.1;
						TestTargetID = 9BD6DF552607328B0040225D;
					};
				};
			};
			buildConfigurationList = 9BD6DF512607328B0040225D /* Build configuration list for PBXProject "macos-acknowledge-generate-practice" */;
			compatibilityVersion = "Xcode 9.3";
			developmentRegion = en;
			hasScannedForEncodings = 0;
			knownRegions = (
				en,
				Base,
			);
			mainGroup = 9BD6DF4D2607328B0040225D;
			productRefGroup = 9BD6DF572607328B0040225D /* Products */;
			projectDirPath = "";
			projectRoot = "";
			targets = (
				9BD6DF552607328B0040225D /* macos-acknowledge-generate-practice */,
				9BD6DF6A2607328C0040225D /* macos-acknowledge-generate-practiceTests */,
				9BD6DF752607328C0040225D /* macos-acknowledge-generate-practiceUITests */,
			);
		};
/* End PBXProject section */

/* Begin PBXResourcesBuildPhase section */
		9BD6DF542607328B0040225D /* Resources */ = {
			isa = PBXResourcesBuildPhase;
			buildActionMask = 2147483647;
			files = (
				9B0158242607833B006DE88D /* acknowledge.html in Resources */,
				9BD6DF642607328C0040225D /* Main.storyboard in Resources */,
				9B0158222607833B006DE88D /* com.soudegesu.macos-acknowledge-generate-practice.plist in Resources */,
				9BD6DF612607328C0040225D /* Preview Assets.xcassets in Resources */,
				9B0158232607833B006DE88D /* com.soudegesu.macos-acknowledge-generate-practice.latest_result.txt in Resources */,
				9BD6DF5E2607328C0040225D /* Assets.xcassets in Resources */,
				9B0158212607833B006DE88D /* LicensePlist.plist in Resources */,
			);
			runOnlyForDeploymentPostprocessing = 0;
		};
		9BD6DF692607328C0040225D /* Resources */ = {
			isa = PBXResourcesBuildPhase;
			buildActionMask = 2147483647;
			files = (
			);
			runOnlyForDeploymentPostprocessing = 0;
		};
		9BD6DF742607328C0040225D /* Resources */ = {
			isa = PBXResourcesBuildPhase;
			buildActionMask = 2147483647;
			files = (
			);
			runOnlyForDeploymentPostprocessing = 0;
		};
/* End PBXResourcesBuildPhase section */

/* Begin PBXShellScriptBuildPhase section */
		2D7BF043F44F1640CE204E24 /* [CP] Check Pods Manifest.lock */ = {
			isa = PBXShellScriptBuildPhase;
			buildActionMask = 2147483647;
			files = (
			);
			inputFileListPaths = (
			);
			inputPaths = (
				"${PODS_PODFILE_DIR_PATH}/Podfile.lock",
				"${PODS_ROOT}/Manifest.lock",
			);
			name = "[CP] Check Pods Manifest.lock";
			outputFileListPaths = (
			);
			outputPaths = (
				"$(DERIVED_FILE_DIR)/Pods-macos-acknowledge-generate-practice-macos-acknowledge-generate-practiceUITests-checkManifestLockResult.txt",
			);
			runOnlyForDeploymentPostprocessing = 0;
			shellPath = /bin/sh;
			shellScript = "diff \"${PODS_PODFILE_DIR_PATH}/Podfile.lock\" \"${PODS_ROOT}/Manifest.lock\" > /dev/null\nif [ $? != 0 ] ; then\n    # print error to STDERR\n    echo \"error: The sandbox is not in sync with the Podfile.lock. Run 'pod install' or update your CocoaPods installation.\" >&2\n    exit 1\nfi\n# This output is used by Xcode 'outputs' to avoid re-running this script phase.\necho \"SUCCESS\" > \"${SCRIPT_OUTPUT_FILE_0}\"\n";
			showEnvVarsInLog = 0;
		};
		9B92176426075CE000C7AB1C /* Generate License */ = {
			isa = PBXShellScriptBuildPhase;
			buildActionMask = 2147483647;
			files = (
			);
			inputFileListPaths = (
			);
			inputPaths = (
			);
			name = "Generate License";
			outputFileListPaths = (
			);
			outputPaths = (
			);
			runOnlyForDeploymentPostprocessing = 0;
			shellPath = /bin/sh;
			shellScript = "if [ $CONFIGURATION = \"Debug\" ]; then\n${PODS_ROOT}/LicensePlist/license-plist \\\n  --output-path ${PRODUCT_NAME}/Resources/Acknowledge \\\n  --prefix ${PRODUCT_BUNDLE_IDENTIFIER} \\\n  --html-path ${PRODUCT_NAME}/Resources/Acknowledge/acknowledge.html \\\n  --suppress-opening-directory \\\n  --single-page\nfi\n";
		};
		BB216BFA507FB2C10E61AE5D /* [CP] Check Pods Manifest.lock */ = {
			isa = PBXShellScriptBuildPhase;
			buildActionMask = 2147483647;
			files = (
			);
			inputFileListPaths = (
			);
			inputPaths = (
				"${PODS_PODFILE_DIR_PATH}/Podfile.lock",
				"${PODS_ROOT}/Manifest.lock",
			);
			name = "[CP] Check Pods Manifest.lock";
			outputFileListPaths = (
			);
			outputPaths = (
				"$(DERIVED_FILE_DIR)/Pods-macos-acknowledge-generate-practiceTests-checkManifestLockResult.txt",
			);
			runOnlyForDeploymentPostprocessing = 0;
			shellPath = /bin/sh;
			shellScript = "diff \"${PODS_PODFILE_DIR_PATH}/Podfile.lock\" \"${PODS_ROOT}/Manifest.lock\" > /dev/null\nif [ $? != 0 ] ; then\n    # print error to STDERR\n    echo \"error: The sandbox is not in sync with the Podfile.lock. Run 'pod install' or update your CocoaPods installation.\" >&2\n    exit 1\nfi\n# This output is used by Xcode 'outputs' to avoid re-running this script phase.\necho \"SUCCESS\" > \"${SCRIPT_OUTPUT_FILE_0}\"\n";
			showEnvVarsInLog = 0;
		};
		D56DDA7C2A7E4CB217BA8FC5 /* [CP] Check Pods Manifest.lock */ = {
			isa = PBXShellScriptBuildPhase;
			buildActionMask = 2147483647;
			files = (
			);
			inputFileListPaths = (
			);
			inputPaths = (
				"${PODS_PODFILE_DIR_PATH}/Podfile.lock",
				"${PODS_ROOT}/Manifest.lock",
			);
			name = "[CP] Check Pods Manifest.lock";
			outputFileListPaths = (
			);
			outputPaths = (
				"$(DERIVED_FILE_DIR)/Pods-macos-acknowledge-generate-practice-checkManifestLockResult.txt",
			);
			runOnlyForDeploymentPostprocessing = 0;
			shellPath = /bin/sh;
			shellScript = "diff \"${PODS_PODFILE_DIR_PATH}/Podfile.lock\" \"${PODS_ROOT}/Manifest.lock\" > /dev/null\nif [ $? != 0 ] ; then\n    # print error to STDERR\n    echo \"error: The sandbox is not in sync with the Podfile.lock. Run 'pod install' or update your CocoaPods installation.\" >&2\n    exit 1\nfi\n# This output is used by Xcode 'outputs' to avoid re-running this script phase.\necho \"SUCCESS\" > \"${SCRIPT_OUTPUT_FILE_0}\"\n";
			showEnvVarsInLog = 0;
		};
/* End PBXShellScriptBuildPhase section */

/* Begin PBXSourcesBuildPhase section */
		9BD6DF522607328B0040225D /* Sources */ = {
			isa = PBXSourcesBuildPhase;
			buildActionMask = 2147483647;
			files = (
				9BECECF72613FBA500989C26 /* AppMenu.swift in Sources */,
				9BD6DF5C2607328B0040225D /* ContentView.swift in Sources */,
				9BD6DF5A2607328B0040225D /* AppDelegate.swift in Sources */,
				9BECECFC2613FCA700989C26 /* AppToolbar.swift in Sources */,
			);
			runOnlyForDeploymentPostprocessing = 0;
		};
		9BD6DF672607328C0040225D /* Sources */ = {
			isa = PBXSourcesBuildPhase;
			buildActionMask = 2147483647;
			files = (
				9BD6DF702607328C0040225D /* macos_acknowledge_generate_practiceTests.swift in Sources */,
			);
			runOnlyForDeploymentPostprocessing = 0;
		};
		9BD6DF722607328C0040225D /* Sources */ = {
			isa = PBXSourcesBuildPhase;
			buildActionMask = 2147483647;
			files = (
				9BD6DF7B2607328C0040225D /* macos_acknowledge_generate_practiceUITests.swift in Sources */,
			);
			runOnlyForDeploymentPostprocessing = 0;
		};
/* End PBXSourcesBuildPhase section */

/* Begin PBXTargetDependency section */
		9BD6DF6D2607328C0040225D /* PBXTargetDependency */ = {
			isa = PBXTargetDependency;
			target = 9BD6DF552607328B0040225D /* macos-acknowledge-generate-practice */;
			targetProxy = 9BD6DF6C2607328C0040225D /* PBXContainerItemProxy */;
		};
		9BD6DF782607328C0040225D /* PBXTargetDependency */ = {
			isa = PBXTargetDependency;
			target = 9BD6DF552607328B0040225D /* macos-acknowledge-generate-practice */;
			targetProxy = 9BD6DF772607328C0040225D /* PBXContainerItemProxy */;
		};
/* End PBXTargetDependency section */

/* Begin PBXVariantGroup section */
		9BD6DF622607328C0040225D /* Main.storyboard */ = {
			isa = PBXVariantGroup;
			children = (
				9BD6DF632607328C0040225D /* Base */,
			);
			name = Main.storyboard;
			sourceTree = "<group>";
		};
/* End PBXVariantGroup section */

/* Begin XCBuildConfiguration section */
		9BD6DF7D2607328C0040225D /* Debug */ = {
			isa = XCBuildConfiguration;
			buildSettings = {
				ALWAYS_SEARCH_USER_PATHS = NO;
				CLANG_ANALYZER_NONNULL = YES;
				CLANG_ANALYZER_NUMBER_OBJECT_CONVERSION = YES_AGGRESSIVE;
				CLANG_CXX_LANGUAGE_STANDARD = "gnu++14";
				CLANG_CXX_LIBRARY = "libc++";
				CLANG_ENABLE_MODULES = YES;
				CLANG_ENABLE_OBJC_ARC = YES;
				CLANG_ENABLE_OBJC_WEAK = YES;
				CLANG_WARN_BLOCK_CAPTURE_AUTORELEASING = YES;
				CLANG_WARN_BOOL_CONVERSION = YES;
				CLANG_WARN_COMMA = YES;
				CLANG_WARN_CONSTANT_CONVERSION = YES;
				CLANG_WARN_DEPRECATED_OBJC_IMPLEMENTATIONS = YES;
				CLANG_WARN_DIRECT_OBJC_ISA_USAGE = YES_ERROR;
				CLANG_WARN_DOCUMENTATION_COMMENTS = YES;
				CLANG_WARN_EMPTY_BODY = YES;
				CLANG_WARN_ENUM_CONVERSION = YES;
				CLANG_WARN_INFINITE_RECURSION = YES;
				CLANG_WARN_INT_CONVERSION = YES;
				CLANG_WARN_NON_LITERAL_NULL_CONVERSION = YES;
				CLANG_WARN_OBJC_IMPLICIT_RETAIN_SELF = YES;
				CLANG_WARN_OBJC_LITERAL_CONVERSION = YES;
				CLANG_WARN_OBJC_ROOT_CLASS = YES_ERROR;
				CLANG_WARN_QUOTED_INCLUDE_IN_FRAMEWORK_HEADER = YES;
				CLANG_WARN_RANGE_LOOP_ANALYSIS = YES;
				CLANG_WARN_STRICT_PROTOTYPES = YES;
				CLANG_WARN_SUSPICIOUS_MOVE = YES;
				CLANG_WARN_UNGUARDED_AVAILABILITY = YES_AGGRESSIVE;
				CLANG_WARN_UNREACHABLE_CODE = YES;
				CLANG_WARN__DUPLICATE_METHOD_MATCH = YES;
				COPY_PHASE_STRIP = NO;
				DEBUG_INFORMATION_FORMAT = dwarf;
				ENABLE_STRICT_OBJC_MSGSEND = YES;
				ENABLE_TESTABILITY = YES;
				GCC_C_LANGUAGE_STANDARD = gnu11;
				GCC_DYNAMIC_NO_PIC = NO;
				GCC_NO_COMMON_BLOCKS = YES;
				GCC_OPTIMIZATION_LEVEL = 0;
				GCC_PREPROCESSOR_DEFINITIONS = (
					"DEBUG=1",
					"$(inherited)",
				);
				GCC_WARN_64_TO_32_BIT_CONVERSION = YES;
				GCC_WARN_ABOUT_RETURN_TYPE = YES_ERROR;
				GCC_WARN_UNDECLARED_SELECTOR = YES;
				GCC_WARN_UNINITIALIZED_AUTOS = YES_AGGRESSIVE;
				GCC_WARN_UNUSED_FUNCTION = YES;
				GCC_WARN_UNUSED_VARIABLE = YES;
				MACOSX_DEPLOYMENT_TARGET = 10.15;
				MTL_ENABLE_DEBUG_INFO = INCLUDE_SOURCE;
				MTL_FAST_MATH = YES;
				ONLY_ACTIVE_ARCH = YES;
				SDKROOT = macosx;
				SWIFT_ACTIVE_COMPILATION_CONDITIONS = DEBUG;
				SWIFT_OPTIMIZATION_LEVEL = "-Onone";
			};
			name = Debug;
		};
		9BD6DF7E2607328C0040225D /* Release */ = {
			isa = XCBuildConfiguration;
			buildSettings = {
				ALWAYS_SEARCH_USER_PATHS = NO;
				CLANG_ANALYZER_NONNULL = YES;
				CLANG_ANALYZER_NUMBER_OBJECT_CONVERSION = YES_AGGRESSIVE;
				CLANG_CXX_LANGUAGE_STANDARD = "gnu++14";
				CLANG_CXX_LIBRARY = "libc++";
				CLANG_ENABLE_MODULES = YES;
				CLANG_ENABLE_OBJC_ARC = YES;
				CLANG_ENABLE_OBJC_WEAK = YES;
				CLANG_WARN_BLOCK_CAPTURE_AUTORELEASING = YES;
				CLANG_WARN_BOOL_CONVERSION = YES;
				CLANG_WARN_COMMA = YES;
				CLANG_WARN_CONSTANT_CONVERSION = YES;
				CLANG_WARN_DEPRECATED_OBJC_IMPLEMENTATIONS = YES;
				CLANG_WARN_DIRECT_OBJC_ISA_USAGE = YES_ERROR;
				CLANG_WARN_DOCUMENTATION_COMMENTS = YES;
				CLANG_WARN_EMPTY_BODY = YES;
				CLANG_WARN_ENUM_CONVERSION = YES;
				CLANG_WARN_INFINITE_RECURSION = YES;
				CLANG_WARN_INT_CONVERSION = YES;
				CLANG_WARN_NON_LITERAL_NULL_CONVERSION = YES;
				CLANG_WARN_OBJC_IMPLICIT_RETAIN_SELF = YES;
				CLANG_WARN_OBJC_LITERAL_CONVERSION = YES;
				CLANG_WARN_OBJC_ROOT_CLASS = YES_ERROR;
				CLANG_WARN_QUOTED_INCLUDE_IN_FRAMEWORK_HEADER = YES;
				CLANG_WARN_RANGE_LOOP_ANALYSIS = YES;
				CLANG_WARN_STRICT_PROTOTYPES = YES;
				CLANG_WARN_SUSPICIOUS_MOVE = YES;
				CLANG_WARN_UNGUARDED_AVAILABILITY = YES_AGGRESSIVE;
				CLANG_WARN_UNREACHABLE_CODE = YES;
				CLANG_WARN__DUPLICATE_METHOD_MATCH = YES;
				COPY_PHASE_STRIP = NO;
				DEBUG_INFORMATION_FORMAT = "dwarf-with-dsym";
				ENABLE_NS_ASSERTIONS = NO;
				ENABLE_STRICT_OBJC_MSGSEND = YES;
				GCC_C_LANGUAGE_STANDARD = gnu11;
				GCC_NO_COMMON_BLOCKS = YES;
				GCC_WARN_64_TO_32_BIT_CONVERSION = YES;
				GCC_WARN_ABOUT_RETURN_TYPE = YES_ERROR;
				GCC_WARN_UNDECLARED_SELECTOR = YES;
				GCC_WARN_UNINITIALIZED_AUTOS = YES_AGGRESSIVE;
				GCC_WARN_UNUSED_FUNCTION = YES;
				GCC_WARN_UNUSED_VARIABLE = YES;
				MACOSX_DEPLOYMENT_TARGET = 10.15;
				MTL_ENABLE_DEBUG_INFO = NO;
				MTL_FAST_MATH = YES;
				SDKROOT = macosx;
				SWIFT_COMPILATION_MODE = wholemodule;
				SWIFT_OPTIMIZATION_LEVEL = "-O";
			};
			name = Release;
		};
		9BD6DF802607328C0040225D /* Debug */ = {
			isa = XCBuildConfiguration;
			baseConfigurationReference = 80C690D905741B2A5BE6CEB2 /* Pods-macos-acknowledge-generate-practice.debug.xcconfig */;
			buildSettings = {
				ASSETCATALOG_COMPILER_APPICON_NAME = AppIcon;
				ASSETCATALOG_COMPILER_GLOBAL_ACCENT_COLOR_NAME = AccentColor;
				CODE_SIGN_ENTITLEMENTS = "macos-acknowledge-generate-practice/macos_acknowledge_generate_practice.entitlements";
				CODE_SIGN_IDENTITY = "-";
				CODE_SIGN_STYLE = Automatic;
				COMBINE_HIDPI_IMAGES = YES;
				DEVELOPMENT_ASSET_PATHS = "\"macos-acknowledge-generate-practice/Preview Content\"";
				ENABLE_PREVIEWS = YES;
				INFOPLIST_FILE = "macos-acknowledge-generate-practice/Info.plist";
				LD_RUNPATH_SEARCH_PATHS = (
					"$(inherited)",
					"@executable_path/../Frameworks",
				);
				MACOSX_DEPLOYMENT_TARGET = 10.15;
				PRODUCT_BUNDLE_IDENTIFIER = "com.soudegesu.macos-acknowledge-generate-practice";
				PRODUCT_NAME = "$(TARGET_NAME)";
				SWIFT_VERSION = 5.0;
			};
			name = Debug;
		};
		9BD6DF812607328C0040225D /* Release */ = {
			isa = XCBuildConfiguration;
			baseConfigurationReference = 771EA75C8B15B9F578F8153D /* Pods-macos-acknowledge-generate-practice.release.xcconfig */;
			buildSettings = {
				ASSETCATALOG_COMPILER_APPICON_NAME = AppIcon;
				ASSETCATALOG_COMPILER_GLOBAL_ACCENT_COLOR_NAME = AccentColor;
				CODE_SIGN_ENTITLEMENTS = "macos-acknowledge-generate-practice/macos_acknowledge_generate_practice.entitlements";
				CODE_SIGN_IDENTITY = "-";
				CODE_SIGN_STYLE = Automatic;
				COMBINE_HIDPI_IMAGES = YES;
				DEVELOPMENT_ASSET_PATHS = "\"macos-acknowledge-generate-practice/Preview Content\"";
				ENABLE_PREVIEWS = YES;
				INFOPLIST_FILE = "macos-acknowledge-generate-practice/Info.plist";
				LD_RUNPATH_SEARCH_PATHS = (
					"$(inherited)",
					"@executable_path/../Frameworks",
				);
				MACOSX_DEPLOYMENT_TARGET = 10.15;
				PRODUCT_BUNDLE_IDENTIFIER = "com.soudegesu.macos-acknowledge-generate-practice";
				PRODUCT_NAME = "$(TARGET_NAME)";
				SWIFT_VERSION = 5.0;
			};
			name = Release;
		};
		9BD6DF832607328C0040225D /* Debug */ = {
			isa = XCBuildConfiguration;
			baseConfigurationReference = 5386A71051E6432BAF8812B0 /* Pods-macos-acknowledge-generate-practiceTests.debug.xcconfig */;
			buildSettings = {
				ALWAYS_EMBED_SWIFT_STANDARD_LIBRARIES = YES;
				BUNDLE_LOADER = "$(TEST_HOST)";
				CODE_SIGN_STYLE = Automatic;
				COMBINE_HIDPI_IMAGES = YES;
				INFOPLIST_FILE = "macos-acknowledge-generate-practiceTests/Info.plist";
				LD_RUNPATH_SEARCH_PATHS = (
					"$(inherited)",
					"@executable_path/../Frameworks",
					"@loader_path/../Frameworks",
				);
				MACOSX_DEPLOYMENT_TARGET = 10.15;
				PRODUCT_BUNDLE_IDENTIFIER = "com.soudegesu.macos-acknowledge-generate-practiceTests";
				PRODUCT_NAME = "$(TARGET_NAME)";
				SWIFT_VERSION = 5.0;
				TEST_HOST = "$(BUILT_PRODUCTS_DIR)/macos-acknowledge-generate-practice.app/Contents/MacOS/macos-acknowledge-generate-practice";
			};
			name = Debug;
		};
		9BD6DF842607328C0040225D /* Release */ = {
			isa = XCBuildConfiguration;
			baseConfigurationReference = 2DC43AF078E7F5D231947AE5 /* Pods-macos-acknowledge-generate-practiceTests.release.xcconfig */;
			buildSettings = {
				ALWAYS_EMBED_SWIFT_STANDARD_LIBRARIES = YES;
				BUNDLE_LOADER = "$(TEST_HOST)";
				CODE_SIGN_STYLE = Automatic;
				COMBINE_HIDPI_IMAGES = YES;
				INFOPLIST_FILE = "macos-acknowledge-generate-practiceTests/Info.plist";
				LD_RUNPATH_SEARCH_PATHS = (
					"$(inherited)",
					"@executable_path/../Frameworks",
					"@loader_path/../Frameworks",
				);
				MACOSX_DEPLOYMENT_TARGET = 10.15;
				PRODUCT_BUNDLE_IDENTIFIER = "com.soudegesu.macos-acknowledge-generate-practiceTests";
				PRODUCT_NAME = "$(TARGET_NAME)";
				SWIFT_VERSION = 5.0;
				TEST_HOST = "$(BUILT_PRODUCTS_DIR)/macos-acknowledge-generate-practice.app/Contents/MacOS/macos-acknowledge-generate-practice";
			};
			name = Release;
		};
		9BD6DF862607328C0040225D /* Debug */ = {
			isa = XCBuildConfiguration;
			baseConfigurationReference = B0C65A8DFD930A846730FA42 /* Pods-macos-acknowledge-generate-practice-macos-acknowledge-generate-practiceUITests.debug.xcconfig */;
			buildSettings = {
				ALWAYS_EMBED_SWIFT_STANDARD_LIBRARIES = YES;
				CODE_SIGN_STYLE = Automatic;
				COMBINE_HIDPI_IMAGES = YES;
				INFOPLIST_FILE = "macos-acknowledge-generate-practiceUITests/Info.plist";
				LD_RUNPATH_SEARCH_PATHS = (
					"$(inherited)",
					"@executable_path/../Frameworks",
					"@loader_path/../Frameworks",
				);
				PRODUCT_BUNDLE_IDENTIFIER = "com.soudegesu.macos-acknowledge-generate-practiceUITests";
				PRODUCT_NAME = "$(TARGET_NAME)";
				SWIFT_VERSION = 5.0;
				TEST_TARGET_NAME = "macos-acknowledge-generate-practice";
			};
			name = Debug;
		};
		9BD6DF872607328C0040225D /* Release */ = {
			isa = XCBuildConfiguration;
			baseConfigurationReference = 796ABCB08A8584E83A379CA0 /* Pods-macos-acknowledge-generate-practice-macos-acknowledge-generate-practiceUITests.release.xcconfig */;
			buildSettings = {
				ALWAYS_EMBED_SWIFT_STANDARD_LIBRARIES = YES;
				CODE_SIGN_STYLE = Automatic;
				COMBINE_HIDPI_IMAGES = YES;
				INFOPLIST_FILE = "macos-acknowledge-generate-practiceUITests/Info.plist";
				LD_RUNPATH_SEARCH_PATHS = (
					"$(inherited)",
					"@executable_path/../Frameworks",
					"@loader_path/../Frameworks",
				);
				PRODUCT_BUNDLE_IDENTIFIER = "com.soudegesu.macos-acknowledge-generate-practiceUITests";
				PRODUCT_NAME = "$(TARGET_NAME)";
				SWIFT_VERSION = 5.0;
				TEST_TARGET_NAME = "macos-acknowledge-generate-practice";
			};
			name = Release;
		};
/* End XCBuildConfiguration section */

/* Begin XCConfigurationList section */
		9BD6DF512607328B0040225D /* Build configuration list for PBXProject "macos-acknowledge-generate-practice" */ = {
			isa = XCConfigurationList;
			buildConfigurations = (
				9BD6DF7D2607328C0040225D /* Debug */,
				9BD6DF7E2607328C0040225D /* Release */,
			);
			defaultConfigurationIsVisible = 0;
			defaultConfigurationName = Release;
		};
		9BD6DF7F2607328C0040225D /* Build configuration list for PBXNativeTarget "macos-acknowledge-generate-practice" */ = {
			isa = XCConfigurationList;
			buildConfigurations = (
				9BD6DF802607328C0040225D /* Debug */,
				9BD6DF812607328C0040225D /* Release */,
			);
			defaultConfigurationIsVisible = 0;
			defaultConfigurationName = Release;
		};
		9BD6DF822607328C0040225D /* Build configuration list for PBXNativeTarget "macos-acknowledge-generate-practiceTests" */ = {
			isa = XCConfigurationList;
			buildConfigurations = (
				9BD6DF832607328C0040225D /* Debug */,
				9BD6DF842607328C0040225D /* Release */,
			);
			defaultConfigurationIsVisible = 0;
			defaultConfigurationName = Release;
		};
		9BD6DF852607328C0040225D /* Build configuration list for PBXNativeTarget "macos-acknowledge-generate-practiceUITests" */ = {
			isa = XCConfigurationList;
			buildConfigurations = (
				9BD6DF862607328C0040225D /* Debug */,
				9BD6DF872607328C0040225D /* Release */,
			);
			defaultConfigurationIsVisible = 0;
			defaultConfigurationName = Release;
		};
/* End XCConfigurationList section */
	};
	rootObject = 9BD6DF4E2607328B0040225D /* Project object */;
}
